// !$*UTF8*$!
{
	archiveVersion = 1;
	classes = {
	};
	objectVersion = 50;
	objects = {

/* Begin PBXBuildFile section */
		CA7CBD0A24400560008377EC /* AppDelegate.swift in Sources */ = {isa = PBXBuildFile; fileRef = CA7CBD0924400560008377EC /* AppDelegate.swift */; };
		CA7CBD0C24400560008377EC /* SceneDelegate.swift in Sources */ = {isa = PBXBuildFile; fileRef = CA7CBD0B24400560008377EC /* SceneDelegate.swift */; };
		CA7CBD0E24400560008377EC /* FriendsTableViewController.swift in Sources */ = {isa = PBXBuildFile; fileRef = CA7CBD0D24400560008377EC /* FriendsTableViewController.swift */; };
		CA7CBD1124400560008377EC /* Main.storyboard in Resources */ = {isa = PBXBuildFile; fileRef = CA7CBD0F24400560008377EC /* Main.storyboard */; };
		CA7CBD1324400565008377EC /* Assets.xcassets in Resources */ = {isa = PBXBuildFile; fileRef = CA7CBD1224400565008377EC /* Assets.xcassets */; };
		CA7CBD1624400565008377EC /* LaunchScreen.storyboard in Resources */ = {isa = PBXBuildFile; fileRef = CA7CBD1424400565008377EC /* LaunchScreen.storyboard */; };
/* End PBXBuildFile section */

/* Begin PBXFileReference section */
		CA7CBD0624400560008377EC /* Hobby Tracker (iOSPT6).app */ = {isa = PBXFileReference; explicitFileType = wrapper.application; includeInIndex = 0; path = "Hobby Tracker (iOSPT6).app"; sourceTree = BUILT_PRODUCTS_DIR; };
		CA7CBD0924400560008377EC /* AppDelegate.swift */ = {isa = PBXFileReference; lastKnownFileType = sourcecode.swift; path = AppDelegate.swift; sourceTree = "<group>"; };
		CA7CBD0B24400560008377EC /* SceneDelegate.swift */ = {isa = PBXFileReference; lastKnownFileType = sourcecode.swift; path = SceneDelegate.swift; sourceTree = "<group>"; };
		CA7CBD0D24400560008377EC /* FriendsTableViewController.swift */ = {isa = PBXFileReference; lastKnownFileType = sourcecode.swift; path = FriendsTableViewController.swift; sourceTree = "<group>"; };
		CA7CBD1024400560008377EC /* Base */ = {isa = PBXFileReference; lastKnownFileType = file.storyboard; name = Base; path = Base.lproj/Main.storyboard; sourceTree = "<group>"; };
		CA7CBD1224400565008377EC /* Assets.xcassets */ = {isa = PBXFileReference; lastKnownFileType = folder.assetcatalog; path = Assets.xcassets; sourceTree = "<group>"; };
		CA7CBD1524400565008377EC /* Base */ = {isa = PBXFileReference; lastKnownFileType = file.storyboard; name = Base; path = Base.lproj/LaunchScreen.storyboard; sourceTree = "<group>"; };
		CA7CBD1724400565008377EC /* Info.plist */ = {isa = PBXFileReference; lastKnownFileType = text.plist.xml; path = Info.plist; sourceTree = "<group>"; };
/* End PBXFileReference section */

/* Begin PBXFrameworksBuildPhase section */
		CA7CBD0324400560008377EC /* Frameworks */ = {
			isa = PBXFrameworksBuildPhase;
			buildActionMask = 2147483647;
			files = (
			);
			runOnlyForDeploymentPostprocessing = 0;
		};
/* End PBXFrameworksBuildPhase section */

/* Begin PBXGroup section */
		CA7CBCFD24400560008377EC = {
			isa = PBXGroup;
			children = (
				CA7CBD0824400560008377EC /* Hobby Tracker (iOSPT6) */,
				CA7CBD0724400560008377EC /* Products */,
			);
			sourceTree = "<group>";
		};
		CA7CBD0724400560008377EC /* Products */ = {
			isa = PBXGroup;
			children = (
				CA7CBD0624400560008377EC /* Hobby Tracker (iOSPT6).app */,
			);
			name = Products;
			sourceTree = "<group>";
		};
		CA7CBD0824400560008377EC /* Hobby Tracker (iOSPT6) */ = {
			isa = PBXGroup;
			children = (
				CA7CBD0924400560008377EC /* AppDelegate.swift */,
				CA7CBD0B24400560008377EC /* SceneDelegate.swift */,
				CA7CBD0D24400560008377EC /* FriendsTableViewController.swift */,
				CA7CBD0F24400560008377EC /* Main.storyboard */,
				CA7CBD1224400565008377EC /* Assets.xcassets */,
				CA7CBD1424400565008377EC /* LaunchScreen.storyboard */,
				CA7CBD1724400565008377EC /* Info.plist */,
			);
			path = "Hobby Tracker (iOSPT6)";
			sourceTree = "<group>";
		};
/* End PBXGroup section */

/* Begin PBXNativeTarget section */
		CA7CBD0524400560008377EC /* Hobby Tracker (iOSPT6) */ = {
			isa = PBXNativeTarget;
			buildConfigurationList = CA7CBD1A24400565008377EC /* Build configuration list for PBXNativeTarget "Hobby Tracker (iOSPT6)" */;
			buildPhases = (
				CA7CBD0224400560008377EC /* Sources */,
				CA7CBD0324400560008377EC /* Frameworks */,
				CA7CBD0424400560008377EC /* Resources */,
			);
			buildRules = (
			);
			dependencies = (
			);
			name = "Hobby Tracker (iOSPT6)";
			productName = "Hobby Tracker (iOSPT6)";
			productReference = CA7CBD0624400560008377EC /* Hobby Tracker (iOSPT6).app */;
			productType = "com.apple.product-type.application";
		};
/* End PBXNativeTarget section */

/* Begin PBXProject section */
		CA7CBCFE24400560008377EC /* Project object */ = {
			isa = PBXProject;
			attributes = {
				LastSwiftUpdateCheck = 1100;
				LastUpgradeCheck = 1100;
				ORGANIZATIONNAME = "Bohdan Tkachenko";
				TargetAttributes = {
					CA7CBD0524400560008377EC = {
						CreatedOnToolsVersion = 11.0;
					};
				};
			};
			buildConfigurationList = CA7CBD0124400560008377EC /* Build configuration list for PBXProject "Hobby Tracker (iOSPT6)" */;
			compatibilityVersion = "Xcode 9.3";
			developmentRegion = en;
			hasScannedForEncodings = 0;
			knownRegions = (
				en,
				Base,
			);
			mainGroup = CA7CBCFD24400560008377EC;
			productRefGroup = CA7CBD0724400560008377EC /* Products */;
			projectDirPath = "";
			projectRoot = "";
			targets = (
				CA7CBD0524400560008377EC /* Hobby Tracker (iOSPT6) */,
			);
		};
/* End PBXProject section */

/* Begin PBXResourcesBuildPhase section */
		CA7CBD0424400560008377EC /* Resources */ = {
			isa = PBXResourcesBuildPhase;
			buildActionMask = 2147483647;
			files = (
				CA7CBD1624400565008377EC /* LaunchScreen.storyboard in Resources */,
				CA7CBD1324400565008377EC /* Assets.xcassets in Resources */,
				CA7CBD1124400560008377EC /* Main.storyboard in Resources */,
			);
			runOnlyForDeploymentPostprocessing = 0;
		};
/* End PBXResourcesBuildPhase section */

/* Begin PBXSourcesBuildPhase section */
		CA7CBD0224400560008377EC /* Sources */ = {
			isa = PBXSourcesBuildPhase;
			buildActionMask = 2147483647;
			files = (
				CA7CBD0E24400560008377EC /* FriendsTableViewController.swift in Sources */,
				CA7CBD0A24400560008377EC /* AppDelegate.swift in Sources */,
				CA7CBD0C24400560008377EC /* SceneDelegate.swift in Sources */,
			);
			runOnlyForDeploymentPostprocessing = 0;
		};
/* End PBXSourcesBuildPhase section */

/* Begin PBXVariantGroup section */
		CA7CBD0F24400560008377EC /* Main.storyboard */ = {
			isa = PBXVariantGroup;
			children = (
				CA7CBD1024400560008377EC /* Base */,
			);
			name = Main.storyboard;
			sourceTree = "<group>";
		};
		CA7CBD1424400565008377EC /* LaunchScreen.storyboard */ = {
			isa = PBXVariantGroup;
			children = (
				CA7CBD1524400565008377EC /* Base */,
			);
			name = LaunchScreen.storyboard;
			sourceTree = "<group>";
		};
/* End PBXVariantGroup section */

/* Begin XCBuildConfiguration section */
		CA7CBD1824400565008377EC /* Debug */ = {
			isa = XCBuildConfiguration;
			buildSettings = {
				ALWAYS_SEARCH_USER_PATHS = NO;
				CLANG_ANALYZER_NONNULL = YES;
				CLANG_ANALYZER_NUMBER_OBJECT_CONVERSION = YES_AGGRESSIVE;
				CLANG_CXX_LANGUAGE_STANDARD = "gnu++14";
				CLANG_CXX_LIBRARY = "libc++";
				CLANG_ENABLE_MODULES = YES;
				CLANG_ENABLE_OBJC_ARC = YES;
				CLANG_ENABLE_OBJC_WEAK = YES;
				CLANG_WARN_BLOCK_CAPTURE_AUTORELEASING = YES;
				CLANG_WARN_BOOL_CONVERSION = YES;
				CLANG_WARN_COMMA = YES;
				CLANG_WARN_CONSTANT_CONVERSION = YES;
				CLANG_WARN_DEPRECATED_OBJC_IMPLEMENTATIONS = YES;
				CLANG_WARN_DIRECT_OBJC_ISA_USAGE = YES_ERROR;
				CLANG_WARN_DOCUMENTATION_COMMENTS = YES;
				CLANG_WARN_EMPTY_BODY = YES;
				CLANG_WARN_ENUM_CONVERSION = YES;
				CLANG_WARN_INFINITE_RECURSION = YES;
				CLANG_WARN_INT_CONVERSION = YES;
				CLANG_WARN_NON_LITERAL_NULL_CONVERSION = YES;
				CLANG_WARN_OBJC_IMPLICIT_RETAIN_SELF = YES;
				CLANG_WARN_OBJC_LITERAL_CONVERSION = YES;
				CLANG_WARN_OBJC_ROOT_CLASS = YES_ERROR;
				CLANG_WARN_RANGE_LOOP_ANALYSIS = YES;
				CLANG_WARN_STRICT_PROTOTYPES = YES;
				CLANG_WARN_SUSPICIOUS_MOVE = YES;
				CLANG_WARN_UNGUARDED_AVAILABILITY = YES_AGGRESSIVE;
				CLANG_WARN_UNREACHABLE_CODE = YES;
				CLANG_WARN__DUPLICATE_METHOD_MATCH = YES;
				COPY_PHASE_STRIP = NO;
				DEBUG_INFORMATION_FORMAT = dwarf;
				ENABLE_STRICT_OBJC_MSGSEND = YES;
				ENABLE_TESTABILITY = YES;
				GCC_C_LANGUAGE_STANDARD = gnu11;
				GCC_DYNAMIC_NO_PIC = NO;
				GCC_NO_COMMON_BLOCKS = YES;
				GCC_OPTIMIZATION_LEVEL = 0;
				GCC_PREPROCESSOR_DEFINITIONS = (
					"DEBUG=1",
					"$(inherited)",
				);
				GCC_WARN_64_TO_32_BIT_CONVERSION = YES;
				GCC_WARN_ABOUT_RETURN_TYPE = YES_ERROR;
				GCC_WARN_UNDECLARED_SELECTOR = YES;
				GCC_WARN_UNINITIALIZED_AUTOS = YES_AGGRESSIVE;
				GCC_WARN_UNUSED_FUNCTION = YES;
				GCC_WARN_UNUSED_VARIABLE = YES;
				IPHONEOS_DEPLOYMENT_TARGET = 13.0;
				MTL_ENABLE_DEBUG_INFO = INCLUDE_SOURCE;
				MTL_FAST_MATH = YES;
				ONLY_ACTIVE_ARCH = YES;
				SDKROOT = iphoneos;
				SWIFT_ACTIVE_COMPILATION_CONDITIONS = DEBUG;
				SWIFT_OPTIMIZATION_LEVEL = "-Onone";
			};
			name = Debug;
		};
		CA7CBD1924400565008377EC /* Release */ = {
			isa = XCBuildConfiguration;
			buildSettings = {
				ALWAYS_SEARCH_USER_PATHS = NO;
				CLANG_ANALYZER_NONNULL = YES;
				CLANG_ANALYZER_NUMBER_OBJECT_CONVERSION = YES_AGGRESSIVE;
				CLANG_CXX_LANGUAGE_STANDARD = "gnu++14";
				CLANG_CXX_LIBRARY = "libc++";
				CLANG_ENABLE_MODULES = YES;
				CLANG_ENABLE_OBJC_ARC = YES;
				CLANG_ENABLE_OBJC_WEAK = YES;
				CLANG_WARN_BLOCK_CAPTURE_AUTORELEASING = YES;
				CLANG_WARN_BOOL_CONVERSION = YES;
				CLANG_WARN_COMMA = YES;
				CLANG_WARN_CONSTANT_CONVERSION = YES;
				CLANG_WARN_DEPRECATED_OBJC_IMPLEMENTATIONS = YES;
				CLANG_WARN_DIRECT_OBJC_ISA_USAGE = YES_ERROR;
				CLANG_WARN_DOCUMENTATION_COMMENTS = YES;
				CLANG_WARN_EMPTY_BODY = YES;
				CLANG_WARN_ENUM_CONVERSION = YES;
				CLANG_WARN_INFINITE_RECURSION = YES;
				CLANG_WARN_INT_CONVERSION = YES;
				CLANG_WARN_NON_LITERAL_NULL_CONVERSION = YES;
				CLANG_WARN_OBJC_IMPLICIT_RETAIN_SELF = YES;
				CLANG_WARN_OBJC_LITERAL_CONVERSION = YES;
				CLANG_WARN_OBJC_ROOT_CLASS = YES_ERROR;
				CLANG_WARN_RANGE_LOOP_ANALYSIS = YES;
				CLANG_WARN_STRICT_PROTOTYPES = YES;
				CLANG_WARN_SUSPICIOUS_MOVE = YES;
				CLANG_WARN_UNGUARDED_AVAILABILITY = YES_AGGRESSIVE;
				CLANG_WARN_UNREACHABLE_CODE = YES;
				CLANG_WARN__DUPLICATE_METHOD_MATCH = YES;
				COPY_PHASE_STRIP = NO;
				DEBUG_INFORMATION_FORMAT = "dwarf-with-dsym";
				ENABLE_NS_ASSERTIONS = NO;
				ENABLE_STRICT_OBJC_MSGSEND = YES;
				GCC_C_LANGUAGE_STANDARD = gnu11;
				GCC_NO_COMMON_BLOCKS = YES;
				GCC_WARN_64_TO_32_BIT_CONVERSION = YES;
				GCC_WARN_ABOUT_RETURN_TYPE = YES_ERROR;
				GCC_WARN_UNDECLARED_SELECTOR = YES;
				GCC_WARN_UNINITIALIZED_AUTOS = YES_AGGRESSIVE;
				GCC_WARN_UNUSED_FUNCTION = YES;
				GCC_WARN_UNUSED_VARIABLE = YES;
				IPHONEOS_DEPLOYMENT_TARGET = 13.0;
				MTL_ENABLE_DEBUG_INFO = NO;
				MTL_FAST_MATH = YES;
				SDKROOT = iphoneos;
				SWIFT_COMPILATION_MODE = wholemodule;
				SWIFT_OPTIMIZATION_LEVEL = "-O";
				VALIDATE_PRODUCT = YES;
			};
			name = Release;
		};
		CA7CBD1B24400565008377EC /* Debug */ = {
			isa = XCBuildConfiguration;
			buildSettings = {
				ASSETCATALOG_COMPILER_APPICON_NAME = AppIcon;
				CODE_SIGN_STYLE = Automatic;
				DEVELOPMENT_TEAM = M54A7BX79B;
				INFOPLIST_FILE = "Hobby Tracker (iOSPT6)/Info.plist";
				LD_RUNPATH_SEARCH_PATHS = (
					"$(inherited)",
					"@executable_path/Frameworks",
				);
				PRODUCT_BUNDLE_IDENTIFIER = "com.bohdantkachenko.Hobby-Tracker--iOSPT6-";
				PRODUCT_NAME = "$(TARGET_NAME)";
				SWIFT_VERSION = 5.0;
				TARGETED_DEVICE_FAMILY = "1,2";
			};
			name = Debug;
		};
		CA7CBD1C24400565008377EC /* Release */ = {
			isa = XCBuildConfiguration;
			buildSettings = {
				ASSETCATALOG_COMPILER_APPICON_NAME = AppIcon;
				CODE_SIGN_STYLE = Automatic;
				DEVELOPMENT_TEAM = M54A7BX79B;
				INFOPLIST_FILE = "Hobby Tracker (iOSPT6)/Info.plist";
				LD_RUNPATH_SEARCH_PATHS = (
					"$(inherited)",
					"@executable_path/Frameworks",
				);
				PRODUCT_BUNDLE_IDENTIFIER = "com.bohdantkachenko.Hobby-Tracker--iOSPT6-";
				PRODUCT_NAME = "$(TARGET_NAME)";
				SWIFT_VERSION = 5.0;
				TARGETED_DEVICE_FAMILY = "1,2";
			};
			name = Release;
		};
/* End XCBuildConfiguration section */

/* Begin XCConfigurationList section */
		CA7CBD0124400560008377EC /* Build configuration list for PBXProject "Hobby Tracker (iOSPT6)" */ = {
			isa = XCConfigurationList;
			buildConfigurations = (
				CA7CBD1824400565008377EC /* Debug */,
				CA7CBD1924400565008377EC /* Release */,
			);
			defaultConfigurationIsVisible = 0;
			defaultConfigurationName = Release;
		};
		CA7CBD1A24400565008377EC /* Build configuration list for PBXNativeTarget "Hobby Tracker (iOSPT6)" */ = {
			isa = XCConfigurationList;
			buildConfigurations = (
				CA7CBD1B24400565008377EC /* Debug */,
				CA7CBD1C24400565008377EC /* Release */,
			);
			defaultConfigurationIsVisible = 0;
			defaultConfigurationName = Release;
		};
/* End XCConfigurationList section */
	};
	rootObject = CA7CBCFE24400560008377EC /* Project object */;
}
